# This file is automatically @generated by Cargo.
# It is not intended for manual editing.
[[package]]
name = "apa"
version = "0.0.0"
source = "git+https://github.com/Juici/apa.git#32c81ea58b87b785a35ab37fa61d0e4ae5e3739a"
dependencies = [
 "cfg-if",
 "num-integer",
 "num-traits",
]

[[package]]
name = "autocfg"
version = "1.0.1"
source = "registry+https://github.com/rust-lang/crates.io-index"
checksum = "cdb031dd78e28731d87d56cc8ffef4a8f36ca26c38fe2de700543e627f8a464a"

[[package]]
name = "cfg-if"
version = "1.0.0"
source = "registry+https://github.com/rust-lang/crates.io-index"
checksum = "baf1de4339761588bc0619e3cbc0120ee582ebb74b53b4efbf79117bd2da40fd"

[[package]]
name = "jca"
version = "0.0.1"
dependencies = [
 "apa",
 "serde",
]

[[package]]
name = "jca-cli"
version = "0.0.0"
dependencies = [
 "jca",
 "jca-interp",
]

[[package]]
name = "jca-interp"
version = "0.0.0"
dependencies = [
 "jca",
]

[[package]]
name = "num-integer"
version = "0.1.43"
source = "registry+https://github.com/rust-lang/crates.io-index"
checksum = "8d59457e662d541ba17869cf51cf177c0b5f0cbf476c66bdc90bf1edac4f875b"
dependencies = [
 "autocfg",
 "num-traits",
]

[[package]]
name = "num-traits"
version = "0.2.12"
source = "registry+https://github.com/rust-lang/crates.io-index"
checksum = "ac267bcc07f48ee5f8935ab0d24f316fb722d7a1292e2913f0cc196b29ffd611"
dependencies = [
 "autocfg",
]

[[package]]
name = "serde"
version = "1.0.124"
source = "registry+https://github.com/rust-lang/crates.io-index"
checksum = "bd761ff957cb2a45fbb9ab3da6512de9de55872866160b23c25f1a841e99d29f"
