# This file is automatically @generated by Cargo.
# It is not intended for manual editing.
[[package]]
name = "apa"
version = "0.0.0"

[[package]]
name = "jca"
version = "0.0.1"
dependencies = [
 "apa",
 "serde",
]

[[package]]
name = "jca-cli"
version = "0.0.0"
dependencies = [
 "jca",
 "jca-interp",
]

[[package]]
name = "jca-interp"
version = "0.0.0"
dependencies = [
 "jca",
]

[[package]]
name = "serde"
version = "1.0.116"
source = "registry+https://github.com/rust-lang/crates.io-index"
checksum = "96fe57af81d28386a513cbc6858332abc6117cfdb5999647c6444b8f43a370a5"
